github.com/csutorasa/go-openrgb-sdk v1.0.1 h1:pUesO8v5u+7GhjtnDCJ11eKzk89pF+64b+3hbXdxot0=
github.com/csutorasa/go-openrgb-sdk v1.0.1/go.mod h1:/K0lw/5QEhpFS8JNr719Bazz8iVomUAYYZue3n9JUo8=
github.com/stretchr/testify v1.12.1 h1:EuwCh5fleGS7H32xRwO3wRGT7DxrDhLAT6FF8MpWDWE=
github.com/stretchr/testify v1.12.1/go.mod h1:MDEgiDPPsNp5cuIrHPPCyornHKgEVbtFUmoNlxoYthg=
github.com/ushineko/fynedesygn v0.1.29 h1:WPFBkh3Gcnw5ZLIXEmTi2/rJCT2beA/hhmEZzRtwwEI=
github.com/ushineko/fynedesygn v0.1.29/go.mod h1:B+VDYk2VtBT+DkKto27aEa8pt2qhCUHpoH9GWG1aACY=
go.yaml.in/yaml/v3 v3.0.5 h1:N6y/pJk8buWs9NY5ERU2HSMfm+IuD/OtfdAnq6kESPw=
go.yaml.in/yaml/v3 v3.0.5/go.mod h1:HVTZu1O7/Vkt2N+BFy8Zza+lnLsABggaTM2ZpNIGuKg=
